
Microsoft Visual Studio Solution File, Format Version 12.00
# Visual Studio Version 17
VisualStudioVersion = 17.12.35707.178
MinimumVisualStudioVersion = 10.0.40219.1
Project("{FAE04EC0-301F-11D3-BF4B-00C04F79EFBC}") = "EClubBackend", "EClubBackend.csproj", "{77A021A6-C931-413A-ADCB-19B6BD66A1E0}"
EndProject
Project("{FAE04EC0-301F-11D3-BF4B-00C04F79EFBC}") = "InfrastructureEFCore", "..\InfrastructureEFCore\InfrastructureEFCore.csproj", "{272D14F1-78C9-4EE2-A1DF-A443089E48F1}"
EndProject
Project("{FAE04EC0-301F-11D3-BF4B-00C04F79EFBC}") = "DomainModels", "..\DomainModels\DomainModels.csproj", "{7888F8C3-1344-4299-A894-C4C086CF06F2}"
EndProject
Global
	GlobalSection(SolutionConfigurationPlatforms) = preSolution
		Debug|Any CPU = Debug|Any CPU
		Release|Any CPU = Release|Any CPU
	EndGlobalSection
	GlobalSection(ProjectConfigurationPlatforms) = postSolution
		{77A021A6-C931-413A-ADCB-19B6BD66A1E0}.Debug|Any CPU.ActiveCfg = Debug|Any CPU
		{77A021A6-C931-413A-ADCB-19B6BD66A1E0}.Debug|Any CPU.Build.0 = Debug|Any CPU
		{77A021A6-C931-413A-ADCB-19B6BD66A1E0}.Release|Any CPU.ActiveCfg = Release|Any CPU
		{77A021A6-C931-413A-ADCB-19B6BD66A1E0}.Release|Any CPU.Build.0 = Release|Any CPU
		{272D14F1-78C9-4EE2-A1DF-A443089E48F1}.Debug|Any CPU.ActiveCfg = Debug|Any CPU
		{272D14F1-78C9-4EE2-A1DF-A443089E48F1}.Debug|Any CPU.Build.0 = Debug|Any CPU
		{272D14F1-78C9-4EE2-A1DF-A443089E48F1}.Release|Any CPU.ActiveCfg = Release|Any CPU
		{272D14F1-78C9-4EE2-A1DF-A443089E48F1}.Release|Any CPU.Build.0 = Release|Any CPU
		{7888F8C3-1344-4299-A894-C4C086CF06F2}.Debug|Any CPU.ActiveCfg = Debug|Any CPU
		{7888F8C3-1344-4299-A894-C4C086CF06F2}.Debug|Any CPU.Build.0 = Debug|Any CPU
		{7888F8C3-1344-4299-A894-C4C086CF06F2}.Release|Any CPU.ActiveCfg = Release|Any CPU
		{7888F8C3-1344-4299-A894-C4C086CF06F2}.Release|Any CPU.Build.0 = Release|Any CPU
	EndGlobalSection
	GlobalSection(SolutionProperties) = preSolution
		HideSolutionNode = FALSE
	EndGlobalSection
EndGlobal
